// !$*UTF8*$!
{
	archiveVersion = 1;
	classes = {
	};
	objectVersion = 46;
	objects = {

/* Begin PBXBuildFile section */
		78EF8B1418AD2DB40071DF13 /* Foundation.framework in Frameworks */ = {isa = PBXBuildFile; fileRef = 78EF8B1318AD2DB40071DF13 /* Foundation.framework */; };
		78EF8B1618AD2DB40071DF13 /* CoreGraphics.framework in Frameworks */ = {isa = PBXBuildFile; fileRef = 78EF8B1518AD2DB40071DF13 /* CoreGraphics.framework */; };
		78EF8B1818AD2DB50071DF13 /* UIKit.framework in Frameworks */ = {isa = PBXBuildFile; fileRef = 78EF8B1718AD2DB50071DF13 /* UIKit.framework */; };
		78EF8B1E18AD2DB50071DF13 /* InfoPlist.strings in Resources */ = {isa = PBXBuildFile; fileRef = 78EF8B1C18AD2DB50071DF13 /* InfoPlist.strings */; };
		78EF8B2018AD2DB50071DF13 /* main.m in Sources */ = {isa = PBXBuildFile; fileRef = 78EF8B1F18AD2DB50071DF13 /* main.m */; };
		78EF8B2418AD2DB50071DF13 /* RRAppDelegate.m in Sources */ = {isa = PBXBuildFile; fileRef = 78EF8B2318AD2DB50071DF13 /* RRAppDelegate.m */; };
		78EF8B2618AD2DB50071DF13 /* Images.xcassets in Resources */ = {isa = PBXBuildFile; fileRef = 78EF8B2518AD2DB50071DF13 /* Images.xcassets */; };
		78EF8B2D18AD2DB60071DF13 /* XCTest.framework in Frameworks */ = {isa = PBXBuildFile; fileRef = 78EF8B2C18AD2DB60071DF13 /* XCTest.framework */; };
		78EF8B2E18AD2DB60071DF13 /* Foundation.framework in Frameworks */ = {isa = PBXBuildFile; fileRef = 78EF8B1318AD2DB40071DF13 /* Foundation.framework */; };
		78EF8B2F18AD2DB60071DF13 /* UIKit.framework in Frameworks */ = {isa = PBXBuildFile; fileRef = 78EF8B1718AD2DB50071DF13 /* UIKit.framework */; };
		78EF8B3718AD2DB60071DF13 /* InfoPlist.strings in Resources */ = {isa = PBXBuildFile; fileRef = 78EF8B3518AD2DB60071DF13 /* InfoPlist.strings */; };
		78EF8B3918AD2DB60071DF13 /* RRcurseApp2Tests.m in Sources */ = {isa = PBXBuildFile; fileRef = 78EF8B3818AD2DB60071DF13 /* RRcurseApp2Tests.m */; };
/* End PBXBuildFile section */

/* Begin PBXContainerItemProxy section */
		78EF8B3018AD2DB60071DF13 /* PBXContainerItemProxy */ = {
			isa = PBXContainerItemProxy;
			containerPortal = 78EF8B0818AD2DB40071DF13 /* Project object */;
			proxyType = 1;
			remoteGlobalIDString = 78EF8B0F18AD2DB40071DF13;
			remoteInfo = RRcurseApp2;
		};
/* End PBXContainerItemProxy section */

/* Begin PBXFileReference section */
		78EF8B1018AD2DB40071DF13 /* RRcurseApp2.app */ = {isa = PBXFileReference; explicitFileType = wrapper.application; includeInIndex = 0; path = RRcurseApp2.app; sourceTree = BUILT_PRODUCTS_DIR; };
		78EF8B1318AD2DB40071DF13 /* Foundation.framework */ = {isa = PBXFileReference; lastKnownFileType = wrapper.framework; name = Foundation.framework; path = System/Library/Frameworks/Foundation.framework; sourceTree = SDKROOT; };
		78EF8B1518AD2DB40071DF13 /* CoreGraphics.framework */ = {isa = PBXFileReference; lastKnownFileType = wrapper.framework; name = CoreGraphics.framework; path = System/Library/Frameworks/CoreGraphics.framework; sourceTree = SDKROOT; };
		78EF8B1718AD2DB50071DF13 /* UIKit.framework */ = {isa = PBXFileReference; lastKnownFileType = wrapper.framework; name = UIKit.framework; path = System/Library/Frameworks/UIKit.framework; sourceTree = SDKROOT; };
		78EF8B1B18AD2DB50071DF13 /* RRcurseApp2-Info.plist */ = {isa = PBXFileReference; lastKnownFileType = text.plist.xml; path = "RRcurseApp2-Info.plist"; sourceTree = "<group>"; };
		78EF8B1D18AD2DB50071DF13 /* en */ = {isa = PBXFileReference; lastKnownFileType = text.plist.strings; name = en; path = en.lproj/InfoPlist.strings; sourceTree = "<group>"; };
		78EF8B1F18AD2DB50071DF13 /* main.m */ = {isa = PBXFileReference; lastKnownFileType = sourcecode.c.objc; path = main.m; sourceTree = "<group>"; };
		78EF8B2118AD2DB50071DF13 /* RRcurseApp2-Prefix.pch */ = {isa = PBXFileReference; lastKnownFileType = sourcecode.c.h; path = "RRcurseApp2-Prefix.pch"; sourceTree = "<group>"; };
		78EF8B2218AD2DB50071DF13 /* RRAppDelegate.h */ = {isa = PBXFileReference; lastKnownFileType = sourcecode.c.h; path = RRAppDelegate.h; sourceTree = "<group>"; };
		78EF8B2318AD2DB50071DF13 /* RRAppDelegate.m */ = {isa = PBXFileReference; lastKnownFileType = sourcecode.c.objc; path = RRAppDelegate.m; sourceTree = "<group>"; };
		78EF8B2518AD2DB50071DF13 /* Images.xcassets */ = {isa = PBXFileReference; lastKnownFileType = folder.assetcatalog; path = Images.xcassets; sourceTree = "<group>"; };
		78EF8B2B18AD2DB60071DF13 /* RRcurseApp2Tests.xctest */ = {isa = PBXFileReference; explicitFileType = wrapper.cfbundle; includeInIndex = 0; path = RRcurseApp2Tests.xctest; sourceTree = BUILT_PRODUCTS_DIR; };
		78EF8B2C18AD2DB60071DF13 /* XCTest.framework */ = {isa = PBXFileReference; lastKnownFileType = wrapper.framework; name = XCTest.framework; path = Library/Frameworks/XCTest.framework; sourceTree = DEVELOPER_DIR; };
		78EF8B3418AD2DB60071DF13 /* RRcurseApp2Tests-Info.plist */ = {isa = PBXFileReference; lastKnownFileType = text.plist.xml; path = "RRcurseApp2Tests-Info.plist"; sourceTree = "<group>"; };
		78EF8B3618AD2DB60071DF13 /* en */ = {isa = PBXFileReference; lastKnownFileType = text.plist.strings; name = en; path = en.lproj/InfoPlist.strings; sourceTree = "<group>"; };
		78EF8B3818AD2DB60071DF13 /* RRcurseApp2Tests.m */ = {isa = PBXFileReference; lastKnownFileType = sourcecode.c.objc; path = RRcurseApp2Tests.m; sourceTree = "<group>"; };
/* End PBXFileReference section */

/* Begin PBXFrameworksBuildPhase section */
		78EF8B0D18AD2DB40071DF13 /* Frameworks */ = {
			isa = PBXFrameworksBuildPhase;
			buildActionMask = 2147483647;
			files = (
				78EF8B1618AD2DB40071DF13 /* CoreGraphics.framework in Frameworks */,
				78EF8B1818AD2DB50071DF13 /* UIKit.framework in Frameworks */,
				78EF8B1418AD2DB40071DF13 /* Foundation.framework in Frameworks */,
			);
			runOnlyForDeploymentPostprocessing = 0;
		};
		78EF8B2818AD2DB60071DF13 /* Frameworks */ = {
			isa = PBXFrameworksBuildPhase;
			buildActionMask = 2147483647;
			files = (
				78EF8B2D18AD2DB60071DF13 /* XCTest.framework in Frameworks */,
				78EF8B2F18AD2DB60071DF13 /* UIKit.framework in Frameworks */,
				78EF8B2E18AD2DB60071DF13 /* Foundation.framework in Frameworks */,
			);
			runOnlyForDeploymentPostprocessing = 0;
		};
/* End PBXFrameworksBuildPhase section */

/* Begin PBXGroup section */
		78EF8B0718AD2DB40071DF13 = {
			isa = PBXGroup;
			children = (
				78EF8B1918AD2DB50071DF13 /* RRcurseApp2 */,
				78EF8B3218AD2DB60071DF13 /* RRcurseApp2Tests */,
				78EF8B1218AD2DB40071DF13 /* Frameworks */,
				78EF8B1118AD2DB40071DF13 /* Products */,
			);
			sourceTree = "<group>";
		};
		78EF8B1118AD2DB40071DF13 /* Products */ = {
			isa = PBXGroup;
			children = (
				78EF8B1018AD2DB40071DF13 /* RRcurseApp2.app */,
				78EF8B2B18AD2DB60071DF13 /* RRcurseApp2Tests.xctest */,
			);
			name = Products;
			sourceTree = "<group>";
		};
		78EF8B1218AD2DB40071DF13 /* Frameworks */ = {
			isa = PBXGroup;
			children = (
				78EF8B1318AD2DB40071DF13 /* Foundation.framework */,
				78EF8B1518AD2DB40071DF13 /* CoreGraphics.framework */,
				78EF8B1718AD2DB50071DF13 /* UIKit.framework */,
				78EF8B2C18AD2DB60071DF13 /* XCTest.framework */,
			);
			name = Frameworks;
			sourceTree = "<group>";
		};
		78EF8B1918AD2DB50071DF13 /* RRcurseApp2 */ = {
			isa = PBXGroup;
			children = (
				78EF8B2218AD2DB50071DF13 /* RRAppDelegate.h */,
				78EF8B2318AD2DB50071DF13 /* RRAppDelegate.m */,
				78EF8B2518AD2DB50071DF13 /* Images.xcassets */,
				78EF8B1A18AD2DB50071DF13 /* Supporting Files */,
			);
			path = RRcurseApp2;
			sourceTree = "<group>";
		};
		78EF8B1A18AD2DB50071DF13 /* Supporting Files */ = {
			isa = PBXGroup;
			children = (
				78EF8B1B18AD2DB50071DF13 /* RRcurseApp2-Info.plist */,
				78EF8B1C18AD2DB50071DF13 /* InfoPlist.strings */,
				78EF8B1F18AD2DB50071DF13 /* main.m */,
				78EF8B2118AD2DB50071DF13 /* RRcurseApp2-Prefix.pch */,
			);
			name = "Supporting Files";
			sourceTree = "<group>";
		};
		78EF8B3218AD2DB60071DF13 /* RRcurseApp2Tests */ = {
			isa = PBXGroup;
			children = (
				78EF8B3818AD2DB60071DF13 /* RRcurseApp2Tests.m */,
				78EF8B3318AD2DB60071DF13 /* Supporting Files */,
			);
			path = RRcurseApp2Tests;
			sourceTree = "<group>";
		};
		78EF8B3318AD2DB60071DF13 /* Supporting Files */ = {
			isa = PBXGroup;
			children = (
				78EF8B3418AD2DB60071DF13 /* RRcurseApp2Tests-Info.plist */,
				78EF8B3518AD2DB60071DF13 /* InfoPlist.strings */,
			);
			name = "Supporting Files";
			sourceTree = "<group>";
		};
/* End PBXGroup section */

/* Begin PBXNativeTarget section */
		78EF8B0F18AD2DB40071DF13 /* RRcurseApp2 */ = {
			isa = PBXNativeTarget;
			buildConfigurationList = 78EF8B3C18AD2DB60071DF13 /* Build configuration list for PBXNativeTarget "RRcurseApp2" */;
			buildPhases = (
				78EF8B0C18AD2DB40071DF13 /* Sources */,
				78EF8B0D18AD2DB40071DF13 /* Frameworks */,
				78EF8B0E18AD2DB40071DF13 /* Resources */,
			);
			buildRules = (
			);
			dependencies = (
			);
			name = RRcurseApp2;
			productName = RRcurseApp2;
			productReference = 78EF8B1018AD2DB40071DF13 /* RRcurseApp2.app */;
			productType = "com.apple.product-type.application";
		};
		78EF8B2A18AD2DB60071DF13 /* RRcurseApp2Tests */ = {
			isa = PBXNativeTarget;
			buildConfigurationList = 78EF8B3F18AD2DB60071DF13 /* Build configuration list for PBXNativeTarget "RRcurseApp2Tests" */;
			buildPhases = (
				78EF8B2718AD2DB60071DF13 /* Sources */,
				78EF8B2818AD2DB60071DF13 /* Frameworks */,
				78EF8B2918AD2DB60071DF13 /* Resources */,
			);
			buildRules = (
			);
			dependencies = (
				78EF8B3118AD2DB60071DF13 /* PBXTargetDependency */,
			);
			name = RRcurseApp2Tests;
			productName = RRcurseApp2Tests;
			productReference = 78EF8B2B18AD2DB60071DF13 /* RRcurseApp2Tests.xctest */;
			productType = "com.apple.product-type.bundle.unit-test";
		};
/* End PBXNativeTarget section */

/* Begin PBXProject section */
		78EF8B0818AD2DB40071DF13 /* Project object */ = {
			isa = PBXProject;
			attributes = {
				CLASSPREFIX = RR;
				LastUpgradeCheck = 0500;
				ORGANIZATIONNAME = EveronGames;
				TargetAttributes = {
					78EF8B2A18AD2DB60071DF13 = {
						TestTargetID = 78EF8B0F18AD2DB40071DF13;
					};
				};
			};
			buildConfigurationList = 78EF8B0B18AD2DB40071DF13 /* Build configuration list for PBXProject "RRcurseApp2" */;
			compatibilityVersion = "Xcode 3.2";
			developmentRegion = English;
			hasScannedForEncodings = 0;
			knownRegions = (
				en,
			);
			mainGroup = 78EF8B0718AD2DB40071DF13;
			productRefGroup = 78EF8B1118AD2DB40071DF13 /* Products */;
			projectDirPath = "";
			projectRoot = "";
			targets = (
				78EF8B0F18AD2DB40071DF13 /* RRcurseApp2 */,
				78EF8B2A18AD2DB60071DF13 /* RRcurseApp2Tests */,
			);
		};
/* End PBXProject section */

/* Begin PBXResourcesBuildPhase section */
		78EF8B0E18AD2DB40071DF13 /* Resources */ = {
			isa = PBXResourcesBuildPhase;
			buildActionMask = 2147483647;
			files = (
				78EF8B1E18AD2DB50071DF13 /* InfoPlist.strings in Resources */,
				78EF8B2618AD2DB50071DF13 /* Images.xcassets in Resources */,
			);
			runOnlyForDeploymentPostprocessing = 0;
		};
		78EF8B2918AD2DB60071DF13 /* Resources */ = {
			isa = PBXResourcesBuildPhase;
			buildActionMask = 2147483647;
			files = (
				78EF8B3718AD2DB60071DF13 /* InfoPlist.strings in Resources */,
			);
			runOnlyForDeploymentPostprocessing = 0;
		};
/* End PBXResourcesBuildPhase section */

/* Begin PBXSourcesBuildPhase section */
		78EF8B0C18AD2DB40071DF13 /* Sources */ = {
			isa = PBXSourcesBuildPhase;
			buildActionMask = 2147483647;
			files = (
				78EF8B2418AD2DB50071DF13 /* RRAppDelegate.m in Sources */,
				78EF8B2018AD2DB50071DF13 /* main.m in Sources */,
			);
			runOnlyForDeploymentPostprocessing = 0;
		};
		78EF8B2718AD2DB60071DF13 /* Sources */ = {
			isa = PBXSourcesBuildPhase;
			buildActionMask = 2147483647;
			files = (
				78EF8B3918AD2DB60071DF13 /* RRcurseApp2Tests.m in Sources */,
			);
			runOnlyForDeploymentPostprocessing = 0;
		};
/* End PBXSourcesBuildPhase section */

/* Begin PBXTargetDependency section */
		78EF8B3118AD2DB60071DF13 /* PBXTargetDependency */ = {
			isa = PBXTargetDependency;
			target = 78EF8B0F18AD2DB40071DF13 /* RRcurseApp2 */;
			targetProxy = 78EF8B3018AD2DB60071DF13 /* PBXContainerItemProxy */;
		};
/* End PBXTargetDependency section */

/* Begin PBXVariantGroup section */
		78EF8B1C18AD2DB50071DF13 /* InfoPlist.strings */ = {
			isa = PBXVariantGroup;
			children = (
				78EF8B1D18AD2DB50071DF13 /* en */,
			);
			name = InfoPlist.strings;
			sourceTree = "<group>";
		};
		78EF8B3518AD2DB60071DF13 /* InfoPlist.strings */ = {
			isa = PBXVariantGroup;
			children = (
				78EF8B3618AD2DB60071DF13 /* en */,
			);
			name = InfoPlist.strings;
			sourceTree = "<group>";
		};
/* End PBXVariantGroup section */

/* Begin XCBuildConfiguration section */
		78EF8B3A18AD2DB60071DF13 /* Debug */ = {
			isa = XCBuildConfiguration;
			buildSettings = {
				ALWAYS_SEARCH_USER_PATHS = NO;
				ARCHS = "$(ARCHS_STANDARD_INCLUDING_64_BIT)";
				CLANG_CXX_LANGUAGE_STANDARD = "gnu++0x";
				CLANG_CXX_LIBRARY = "libc++";
				CLANG_ENABLE_MODULES = YES;
				CLANG_ENABLE_OBJC_ARC = YES;
				CLANG_WARN_BOOL_CONVERSION = YES;
				CLANG_WARN_CONSTANT_CONVERSION = YES;
				CLANG_WARN_DIRECT_OBJC_ISA_USAGE = YES_ERROR;
				CLANG_WARN_EMPTY_BODY = YES;
				CLANG_WARN_ENUM_CONVERSION = YES;
				CLANG_WARN_INT_CONVERSION = YES;
				CLANG_WARN_OBJC_ROOT_CLASS = YES_ERROR;
				CLANG_WARN__DUPLICATE_METHOD_MATCH = YES;
				"CODE_SIGN_IDENTITY[sdk=iphoneos*]" = "iPhone Developer";
				COPY_PHASE_STRIP = NO;
				GCC_C_LANGUAGE_STANDARD = gnu99;
				GCC_DYNAMIC_NO_PIC = NO;
				GCC_OPTIMIZATION_LEVEL = 0;
				GCC_PREPROCESSOR_DEFINITIONS = (
					"DEBUG=1",
					"$(inherited)",
				);
				GCC_SYMBOLS_PRIVATE_EXTERN = NO;
				GCC_WARN_64_TO_32_BIT_CONVERSION = YES;
				GCC_WARN_ABOUT_RETURN_TYPE = YES_ERROR;
				GCC_WARN_UNDECLARED_SELECTOR = YES;
				GCC_WARN_UNINITIALIZED_AUTOS = YES;
				GCC_WARN_UNUSED_FUNCTION = YES;
				GCC_WARN_UNUSED_VARIABLE = YES;
				IPHONEOS_DEPLOYMENT_TARGET = 7.0;
				ONLY_ACTIVE_ARCH = YES;
				SDKROOT = iphoneos;
				TARGETED_DEVICE_FAMILY = "1,2";
			};
			name = Debug;
		};
		78EF8B3B18AD2DB60071DF13 /* Release */ = {
			isa = XCBuildConfiguration;
			buildSettings = {
				ALWAYS_SEARCH_USER_PATHS = NO;
				ARCHS = "$(ARCHS_STANDARD_INCLUDING_64_BIT)";
				CLANG_CXX_LANGUAGE_STANDARD = "gnu++0x";
				CLANG_CXX_LIBRARY = "libc++";
				CLANG_ENABLE_MODULES = YES;
				CLANG_ENABLE_OBJC_ARC = YES;
				CLANG_WARN_BOOL_CONVERSION = YES;
				CLANG_WARN_CONSTANT_CONVERSION = YES;
				CLANG_WARN_DIRECT_OBJC_ISA_USAGE = YES_ERROR;
				CLANG_WARN_EMPTY_BODY = YES;
				CLANG_WARN_ENUM_CONVERSION = YES;
				CLANG_WARN_INT_CONVERSION = YES;
				CLANG_WARN_OBJC_ROOT_CLASS = YES_ERROR;
				CLANG_WARN__DUPLICATE_METHOD_MATCH = YES;
				"CODE_SIGN_IDENTITY[sdk=iphoneos*]" = "iPhone Developer";
				COPY_PHASE_STRIP = YES;
				ENABLE_NS_ASSERTIONS = NO;
				GCC_C_LANGUAGE_STANDARD = gnu99;
				GCC_WARN_64_TO_32_BIT_CONVERSION = YES;
				GCC_WARN_ABOUT_RETURN_TYPE = YES_ERROR;
				GCC_WARN_UNDECLARED_SELECTOR = YES;
				GCC_WARN_UNINITIALIZED_AUTOS = YES;
				GCC_WARN_UNUSED_FUNCTION = YES;
				GCC_WARN_UNUSED_VARIABLE = YES;
				IPHONEOS_DEPLOYMENT_TARGET = 7.0;
				SDKROOT = iphoneos;
				TARGETED_DEVICE_FAMILY = "1,2";
				VALIDATE_PRODUCT = YES;
			};
			name = Release;
		};
		78EF8B3D18AD2DB60071DF13 /* Debug */ = {
			isa = XCBuildConfiguration;
			buildSettings = {
				ASSETCATALOG_COMPILER_APPICON_NAME = AppIcon;
				ASSETCATALOG_COMPILER_LAUNCHIMAGE_NAME = LaunchImage;
				GCC_PRECOMPILE_PREFIX_HEADER = YES;
				GCC_PREFIX_HEADER = "RRcurseApp2/RRcurseApp2-Prefix.pch";
				INFOPLIST_FILE = "RRcurseApp2/RRcurseApp2-Info.plist";
				PRODUCT_NAME = "$(TARGET_NAME)";
				WRAPPER_EXTENSION = app;
			};
			name = Debug;
		};
		78EF8B3E18AD2DB60071DF13 /* Release */ = {
			isa = XCBuildConfiguration;
			buildSettings = {
				ASSETCATALOG_COMPILER_APPICON_NAME = AppIcon;
				ASSETCATALOG_COMPILER_LAUNCHIMAGE_NAME = LaunchImage;
				GCC_PRECOMPILE_PREFIX_HEADER = YES;
				GCC_PREFIX_HEADER = "RRcurseApp2/RRcurseApp2-Prefix.pch";
				INFOPLIST_FILE = "RRcurseApp2/RRcurseApp2-Info.plist";
				PRODUCT_NAME = "$(TARGET_NAME)";
				WRAPPER_EXTENSION = app;
			};
			name = Release;
		};
		78EF8B4018AD2DB60071DF13 /* Debug */ = {
			isa = XCBuildConfiguration;
			buildSettings = {
				ARCHS = "$(ARCHS_STANDARD_INCLUDING_64_BIT)";
				BUNDLE_LOADER = "$(BUILT_PRODUCTS_DIR)/RRcurseApp2.app/RRcurseApp2";
				FRAMEWORK_SEARCH_PATHS = (
					"$(SDKROOT)/Developer/Library/Frameworks",
					"$(inherited)",
					"$(DEVELOPER_FRAMEWORKS_DIR)",
				);
				GCC_PRECOMPILE_PREFIX_HEADER = YES;
				GCC_PREFIX_HEADER = "RRcurseApp2/RRcurseApp2-Prefix.pch";
				GCC_PREPROCESSOR_DEFINITIONS = (
					"DEBUG=1",
					"$(inherited)",
				);
				INFOPLIST_FILE = "RRcurseApp2Tests/RRcurseApp2Tests-Info.plist";
				PRODUCT_NAME = "$(TARGET_NAME)";
				TEST_HOST = "$(BUNDLE_LOADER)";
				WRAPPER_EXTENSION = xctest;
			};
			name = Debug;
		};
		78EF8B4118AD2DB60071DF13 /* Release */ = {
			isa = XCBuildConfiguration;
			buildSettings = {
				ARCHS = "$(ARCHS_STANDARD_INCLUDING_64_BIT)";
				BUNDLE_LOADER = "$(BUILT_PRODUCTS_DIR)/RRcurseApp2.app/RRcurseApp2";
				FRAMEWORK_SEARCH_PATHS = (
					"$(SDKROOT)/Developer/Library/Frameworks",
					"$(inherited)",
					"$(DEVELOPER_FRAMEWORKS_DIR)",
				);
				GCC_PRECOMPILE_PREFIX_HEADER = YES;
				GCC_PREFIX_HEADER = "RRcurseApp2/RRcurseApp2-Prefix.pch";
				INFOPLIST_FILE = "RRcurseApp2Tests/RRcurseApp2Tests-Info.plist";
				PRODUCT_NAME = "$(TARGET_NAME)";
				TEST_HOST = "$(BUNDLE_LOADER)";
				WRAPPER_EXTENSION = xctest;
			};
			name = Release;
		};
/* End XCBuildConfiguration section */

/* Begin XCConfigurationList section */
		78EF8B0B18AD2DB40071DF13 /* Build configuration list for PBXProject "RRcurseApp2" */ = {
			isa = XCConfigurationList;
			buildConfigurations = (
				78EF8B3A18AD2DB60071DF13 /* Debug */,
				78EF8B3B18AD2DB60071DF13 /* Release */,
			);
			defaultConfigurationIsVisible = 0;
			defaultConfigurationName = Release;
		};
		78EF8B3C18AD2DB60071DF13 /* Build configuration list for PBXNativeTarget "RRcurseApp2" */ = {
			isa = XCConfigurationList;
			buildConfigurations = (
				78EF8B3D18AD2DB60071DF13 /* Debug */,
				78EF8B3E18AD2DB60071DF13 /* Release */,
			);
			defaultConfigurationIsVisible = 0;
		};
		78EF8B3F18AD2DB60071DF13 /* Build configuration list for PBXNativeTarget "RRcurseApp2Tests" */ = {
			isa = XCConfigurationList;
			buildConfigurations = (
				78EF8B4018AD2DB60071DF13 /* Debug */,
				78EF8B4118AD2DB60071DF13 /* Release */,
			);
			defaultConfigurationIsVisible = 0;
		};
/* End XCConfigurationList section */
	};
	rootObject = 78EF8B0818AD2DB40071DF13 /* Project object */;
}
